
Microsoft Visual Studio Solution File, Format Version 12.00
# Visual Studio Version 17
VisualStudioVersion = 17.14.36511.14 d17.14
MinimumVisualStudioVersion = 10.0.40219.1
Project("{FAE04EC0-301F-11D3-BF4B-00C04F79EFBC}") = "1-LambadaExpression", "1-LambadaExpression\1-LambadaExpression.csproj", "{28845B34-0031-421C-AA97-72D492A42A88}"
EndProject
Global
	GlobalSection(SolutionConfigurationPlatforms) = preSolution
		Debug|Any CPU = Debug|Any CPU
		Release|Any CPU = Release|Any CPU
	EndGlobalSection
	GlobalSection(ProjectConfigurationPlatforms) = postSolution
		{28845B34-0031-421C-AA97-72D492A42A88}.Debug|Any CPU.ActiveCfg = Debug|Any CPU
		{28845B34-0031-421C-AA97-72D492A42A88}.Debug|Any CPU.Build.0 = Debug|Any CPU
		{28845B34-0031-421C-AA97-72D492A42A88}.Release|Any CPU.ActiveCfg = Release|Any CPU
		{28845B34-0031-421C-AA97-72D492A42A88}.Release|Any CPU.Build.0 = Release|Any CPU
	EndGlobalSection
	GlobalSection(SolutionProperties) = preSolution
		HideSolutionNode = FALSE
	EndGlobalSection
	GlobalSection(ExtensibilityGlobals) = postSolution
		SolutionGuid = {F0BAF842-C084-452B-A6F6-3D5B1A45A2FE}
	EndGlobalSection
EndGlobal
